// !$*UTF8*$!
{
	archiveVersion = 1;
	classes = {
	};
	objectVersion = 50;
	objects = {

/* Begin PBXBuildFile section */
		9230521626387A9E007003BF /* AppDelegate.swift in Sources */ = {isa = PBXBuildFile; fileRef = 9230521526387A9E007003BF /* AppDelegate.swift */; };
		9230521826387A9E007003BF /* SceneDelegate.swift in Sources */ = {isa = PBXBuildFile; fileRef = 9230521726387A9E007003BF /* SceneDelegate.swift */; };
		9230521A26387A9E007003BF /* ViewController.swift in Sources */ = {isa = PBXBuildFile; fileRef = 9230521926387A9E007003BF /* ViewController.swift */; };
		9230521D26387A9E007003BF /* Main.storyboard in Resources */ = {isa = PBXBuildFile; fileRef = 9230521B26387A9E007003BF /* Main.storyboard */; };
		9230521F26387A9F007003BF /* Assets.xcassets in Resources */ = {isa = PBXBuildFile; fileRef = 9230521E26387A9F007003BF /* Assets.xcassets */; };
		9230522226387A9F007003BF /* LaunchScreen.storyboard in Resources */ = {isa = PBXBuildFile; fileRef = 9230522026387A9F007003BF /* LaunchScreen.storyboard */; };
		92B8B3EE263894950006F3D2 /* Beer.swift in Sources */ = {isa = PBXBuildFile; fileRef = 92B8B3ED263894950006F3D2 /* Beer.swift */; };
		92B8B3F026389A4B0006F3D2 /* BeerManager.swift in Sources */ = {isa = PBXBuildFile; fileRef = 92B8B3EF26389A4B0006F3D2 /* BeerManager.swift */; };
/* End PBXBuildFile section */

/* Begin PBXFileReference section */
		9230521226387A9E007003BF /* BarApp.app */ = {isa = PBXFileReference; explicitFileType = wrapper.application; includeInIndex = 0; path = BarApp.app; sourceTree = BUILT_PRODUCTS_DIR; };
		9230521526387A9E007003BF /* AppDelegate.swift */ = {isa = PBXFileReference; lastKnownFileType = sourcecode.swift; path = AppDelegate.swift; sourceTree = "<group>"; };
		9230521726387A9E007003BF /* SceneDelegate.swift */ = {isa = PBXFileReference; lastKnownFileType = sourcecode.swift; path = SceneDelegate.swift; sourceTree = "<group>"; };
		9230521926387A9E007003BF /* ViewController.swift */ = {isa = PBXFileReference; lastKnownFileType = sourcecode.swift; path = ViewController.swift; sourceTree = "<group>"; };
		9230521C26387A9E007003BF /* Base */ = {isa = PBXFileReference; lastKnownFileType = file.storyboard; name = Base; path = Base.lproj/Main.storyboard; sourceTree = "<group>"; };
		9230521E26387A9F007003BF /* Assets.xcassets */ = {isa = PBXFileReference; lastKnownFileType = folder.assetcatalog; path = Assets.xcassets; sourceTree = "<group>"; };
		9230522126387A9F007003BF /* Base */ = {isa = PBXFileReference; lastKnownFileType = file.storyboard; name = Base; path = Base.lproj/LaunchScreen.storyboard; sourceTree = "<group>"; };
		9230522326387A9F007003BF /* Info.plist */ = {isa = PBXFileReference; lastKnownFileType = text.plist.xml; path = Info.plist; sourceTree = "<group>"; };
		92B8B3ED263894950006F3D2 /* Beer.swift */ = {isa = PBXFileReference; lastKnownFileType = sourcecode.swift; path = Beer.swift; sourceTree = "<group>"; };
		92B8B3EF26389A4B0006F3D2 /* BeerManager.swift */ = {isa = PBXFileReference; lastKnownFileType = sourcecode.swift; path = BeerManager.swift; sourceTree = "<group>"; };
/* End PBXFileReference section */

/* Begin PBXFrameworksBuildPhase section */
		9230520F26387A9E007003BF /* Frameworks */ = {
			isa = PBXFrameworksBuildPhase;
			buildActionMask = 2147483647;
			files = (
			);
			runOnlyForDeploymentPostprocessing = 0;
		};
/* End PBXFrameworksBuildPhase section */

/* Begin PBXGroup section */
		9230520926387A9E007003BF = {
			isa = PBXGroup;
			children = (
				9230521426387A9E007003BF /* BarApp */,
				9230521326387A9E007003BF /* Products */,
			);
			sourceTree = "<group>";
		};
		9230521326387A9E007003BF /* Products */ = {
			isa = PBXGroup;
			children = (
				9230521226387A9E007003BF /* BarApp.app */,
			);
			name = Products;
			sourceTree = "<group>";
		};
		9230521426387A9E007003BF /* BarApp */ = {
			isa = PBXGroup;
			children = (
				9230521526387A9E007003BF /* AppDelegate.swift */,
				9230521726387A9E007003BF /* SceneDelegate.swift */,
				9230521926387A9E007003BF /* ViewController.swift */,
				92B8B3EF26389A4B0006F3D2 /* BeerManager.swift */,
				92B8B3ED263894950006F3D2 /* Beer.swift */,
				9230521B26387A9E007003BF /* Main.storyboard */,
				9230521E26387A9F007003BF /* Assets.xcassets */,
				9230522026387A9F007003BF /* LaunchScreen.storyboard */,
				9230522326387A9F007003BF /* Info.plist */,
			);
			path = BarApp;
			sourceTree = "<group>";
		};
/* End PBXGroup section */

/* Begin PBXNativeTarget section */
		9230521126387A9E007003BF /* BarApp */ = {
			isa = PBXNativeTarget;
			buildConfigurationList = 9230522626387A9F007003BF /* Build configuration list for PBXNativeTarget "BarApp" */;
			buildPhases = (
				9230520E26387A9E007003BF /* Sources */,
				9230520F26387A9E007003BF /* Frameworks */,
				9230521026387A9E007003BF /* Resources */,
			);
			buildRules = (
			);
			dependencies = (
			);
			name = BarApp;
			productName = BarApp;
			productReference = 9230521226387A9E007003BF /* BarApp.app */;
			productType = "com.apple.product-type.application";
		};
/* End PBXNativeTarget section */

/* Begin PBXProject section */
		9230520A26387A9E007003BF /* Project object */ = {
			isa = PBXProject;
			attributes = {
				LastSwiftUpdateCheck = 1250;
				LastUpgradeCheck = 1250;
				TargetAttributes = {
					9230521126387A9E007003BF = {
						CreatedOnToolsVersion = 12.5;
					};
				};
			};
			buildConfigurationList = 9230520D26387A9E007003BF /* Build configuration list for PBXProject "BarApp" */;
			compatibilityVersion = "Xcode 9.3";
			developmentRegion = en;
			hasScannedForEncodings = 0;
			knownRegions = (
				en,
				Base,
			);
			mainGroup = 9230520926387A9E007003BF;
			productRefGroup = 9230521326387A9E007003BF /* Products */;
			projectDirPath = "";
			projectRoot = "";
			targets = (
				9230521126387A9E007003BF /* BarApp */,
			);
		};
/* End PBXProject section */

/* Begin PBXResourcesBuildPhase section */
		9230521026387A9E007003BF /* Resources */ = {
			isa = PBXResourcesBuildPhase;
			buildActionMask = 2147483647;
			files = (
				9230522226387A9F007003BF /* LaunchScreen.storyboard in Resources */,
				9230521F26387A9F007003BF /* Assets.xcassets in Resources */,
				9230521D26387A9E007003BF /* Main.storyboard in Resources */,
			);
			runOnlyForDeploymentPostprocessing = 0;
		};
/* End PBXResourcesBuildPhase section */

/* Begin PBXSourcesBuildPhase section */
		9230520E26387A9E007003BF /* Sources */ = {
			isa = PBXSourcesBuildPhase;
			buildActionMask = 2147483647;
			files = (
				9230521A26387A9E007003BF /* ViewController.swift in Sources */,
				9230521626387A9E007003BF /* AppDelegate.swift in Sources */,
				9230521826387A9E007003BF /* SceneDelegate.swift in Sources */,
				92B8B3F026389A4B0006F3D2 /* BeerManager.swift in Sources */,
				92B8B3EE263894950006F3D2 /* Beer.swift in Sources */,
			);
			runOnlyForDeploymentPostprocessing = 0;
		};
/* End PBXSourcesBuildPhase section */

/* Begin PBXVariantGroup section */
		9230521B26387A9E007003BF /* Main.storyboard */ = {
			isa = PBXVariantGroup;
			children = (
				9230521C26387A9E007003BF /* Base */,
			);
			name = Main.storyboard;
			sourceTree = "<group>";
		};
		9230522026387A9F007003BF /* LaunchScreen.storyboard */ = {
			isa = PBXVariantGroup;
			children = (
				9230522126387A9F007003BF /* Base */,
			);
			name = LaunchScreen.storyboard;
			sourceTree = "<group>";
		};
/* End PBXVariantGroup section */

/* Begin XCBuildConfiguration section */
		9230522426387A9F007003BF /* Debug */ = {
			isa = XCBuildConfiguration;
			buildSettings = {
				ALWAYS_SEARCH_USER_PATHS = NO;
				CLANG_ANALYZER_NONNULL = YES;
				CLANG_ANALYZER_NUMBER_OBJECT_CONVERSION = YES_AGGRESSIVE;
				CLANG_CXX_LANGUAGE_STANDARD = "gnu++14";
				CLANG_CXX_LIBRARY = "libc++";
				CLANG_ENABLE_MODULES = YES;
				CLANG_ENABLE_OBJC_ARC = YES;
				CLANG_ENABLE_OBJC_WEAK = YES;
				CLANG_WARN_BLOCK_CAPTURE_AUTORELEASING = YES;
				CLANG_WARN_BOOL_CONVERSION = YES;
				CLANG_WARN_COMMA = YES;
				CLANG_WARN_CONSTANT_CONVERSION = YES;
				CLANG_WARN_DEPRECATED_OBJC_IMPLEMENTATIONS = YES;
				CLANG_WARN_DIRECT_OBJC_ISA_USAGE = YES_ERROR;
				CLANG_WARN_DOCUMENTATION_COMMENTS = YES;
				CLANG_WARN_EMPTY_BODY = YES;
				CLANG_WARN_ENUM_CONVERSION = YES;
				CLANG_WARN_INFINITE_RECURSION = YES;
				CLANG_WARN_INT_CONVERSION = YES;
				CLANG_WARN_NON_LITERAL_NULL_CONVERSION = YES;
				CLANG_WARN_OBJC_IMPLICIT_RETAIN_SELF = YES;
				CLANG_WARN_OBJC_LITERAL_CONVERSION = YES;
				CLANG_WARN_OBJC_ROOT_CLASS = YES_ERROR;
				CLANG_WARN_QUOTED_INCLUDE_IN_FRAMEWORK_HEADER = YES;
				CLANG_WARN_RANGE_LOOP_ANALYSIS = YES;
				CLANG_WARN_STRICT_PROTOTYPES = YES;
				CLANG_WARN_SUSPICIOUS_MOVE = YES;
				CLANG_WARN_UNGUARDED_AVAILABILITY = YES_AGGRESSIVE;
				CLANG_WARN_UNREACHABLE_CODE = YES;
				CLANG_WARN__DUPLICATE_METHOD_MATCH = YES;
				COPY_PHASE_STRIP = NO;
				DEBUG_INFORMATION_FORMAT = dwarf;
				ENABLE_STRICT_OBJC_MSGSEND = YES;
				ENABLE_TESTABILITY = YES;
				GCC_C_LANGUAGE_STANDARD = gnu11;
				GCC_DYNAMIC_NO_PIC = NO;
				GCC_NO_COMMON_BLOCKS = YES;
				GCC_OPTIMIZATION_LEVEL = 0;
				GCC_PREPROCESSOR_DEFINITIONS = (
					"DEBUG=1",
					"$(inherited)",
				);
				GCC_WARN_64_TO_32_BIT_CONVERSION = YES;
				GCC_WARN_ABOUT_RETURN_TYPE = YES_ERROR;
				GCC_WARN_UNDECLARED_SELECTOR = YES;
				GCC_WARN_UNINITIALIZED_AUTOS = YES_AGGRESSIVE;
				GCC_WARN_UNUSED_FUNCTION = YES;
				GCC_WARN_UNUSED_VARIABLE = YES;
				IPHONEOS_DEPLOYMENT_TARGET = 14.5;
				MTL_ENABLE_DEBUG_INFO = INCLUDE_SOURCE;
				MTL_FAST_MATH = YES;
				ONLY_ACTIVE_ARCH = YES;
				SDKROOT = iphoneos;
				SWIFT_ACTIVE_COMPILATION_CONDITIONS = DEBUG;
				SWIFT_OPTIMIZATION_LEVEL = "-Onone";
			};
			name = Debug;
		};
		9230522526387A9F007003BF /* Release */ = {
			isa = XCBuildConfiguration;
			buildSettings = {
				ALWAYS_SEARCH_USER_PATHS = NO;
				CLANG_ANALYZER_NONNULL = YES;
				CLANG_ANALYZER_NUMBER_OBJECT_CONVERSION = YES_AGGRESSIVE;
				CLANG_CXX_LANGUAGE_STANDARD = "gnu++14";
				CLANG_CXX_LIBRARY = "libc++";
				CLANG_ENABLE_MODULES = YES;
				CLANG_ENABLE_OBJC_ARC = YES;
				CLANG_ENABLE_OBJC_WEAK = YES;
				CLANG_WARN_BLOCK_CAPTURE_AUTORELEASING = YES;
				CLANG_WARN_BOOL_CONVERSION = YES;
				CLANG_WARN_COMMA = YES;
				CLANG_WARN_CONSTANT_CONVERSION = YES;
				CLANG_WARN_DEPRECATED_OBJC_IMPLEMENTATIONS = YES;
				CLANG_WARN_DIRECT_OBJC_ISA_USAGE = YES_ERROR;
				CLANG_WARN_DOCUMENTATION_COMMENTS = YES;
				CLANG_WARN_EMPTY_BODY = YES;
				CLANG_WARN_ENUM_CONVERSION = YES;
				CLANG_WARN_INFINITE_RECURSION = YES;
				CLANG_WARN_INT_CONVERSION = YES;
				CLANG_WARN_NON_LITERAL_NULL_CONVERSION = YES;
				CLANG_WARN_OBJC_IMPLICIT_RETAIN_SELF = YES;
				CLANG_WARN_OBJC_LITERAL_CONVERSION = YES;
				CLANG_WARN_OBJC_ROOT_CLASS = YES_ERROR;
				CLANG_WARN_QUOTED_INCLUDE_IN_FRAMEWORK_HEADER = YES;
				CLANG_WARN_RANGE_LOOP_ANALYSIS = YES;
				CLANG_WARN_STRICT_PROTOTYPES = YES;
				CLANG_WARN_SUSPICIOUS_MOVE = YES;
				CLANG_WARN_UNGUARDED_AVAILABILITY = YES_AGGRESSIVE;
				CLANG_WARN_UNREACHABLE_CODE = YES;
				CLANG_WARN__DUPLICATE_METHOD_MATCH = YES;
				COPY_PHASE_STRIP = NO;
				DEBUG_INFORMATION_FORMAT = "dwarf-with-dsym";
				ENABLE_NS_ASSERTIONS = NO;
				ENABLE_STRICT_OBJC_MSGSEND = YES;
				GCC_C_LANGUAGE_STANDARD = gnu11;
				GCC_NO_COMMON_BLOCKS = YES;
				GCC_WARN_64_TO_32_BIT_CONVERSION = YES;
				GCC_WARN_ABOUT_RETURN_TYPE = YES_ERROR;
				GCC_WARN_UNDECLARED_SELECTOR = YES;
				GCC_WARN_UNINITIALIZED_AUTOS = YES_AGGRESSIVE;
				GCC_WARN_UNUSED_FUNCTION = YES;
				GCC_WARN_UNUSED_VARIABLE = YES;
				IPHONEOS_DEPLOYMENT_TARGET = 14.5;
				MTL_ENABLE_DEBUG_INFO = NO;
				MTL_FAST_MATH = YES;
				SDKROOT = iphoneos;
				SWIFT_COMPILATION_MODE = wholemodule;
				SWIFT_OPTIMIZATION_LEVEL = "-O";
				VALIDATE_PRODUCT = YES;
			};
			name = Release;
		};
		9230522726387A9F007003BF /* Debug */ = {
			isa = XCBuildConfiguration;
			buildSettings = {
				ASSETCATALOG_COMPILER_APPICON_NAME = AppIcon;
				ASSETCATALOG_COMPILER_GLOBAL_ACCENT_COLOR_NAME = AccentColor;
				CODE_SIGN_STYLE = Automatic;
				DEVELOPMENT_TEAM = AWN3QD4X7Y;
				INFOPLIST_FILE = BarApp/Info.plist;
				LD_RUNPATH_SEARCH_PATHS = (
					"$(inherited)",
					"@executable_path/Frameworks",
				);
				PRODUCT_BUNDLE_IDENTIFIER = DenisVinokurov.BarApp;
				PRODUCT_NAME = "$(TARGET_NAME)";
				SWIFT_VERSION = 5.0;
				TARGETED_DEVICE_FAMILY = "1,2";
			};
			name = Debug;
		};
		9230522826387A9F007003BF /* Release */ = {
			isa = XCBuildConfiguration;
			buildSettings = {
				ASSETCATALOG_COMPILER_APPICON_NAME = AppIcon;
				ASSETCATALOG_COMPILER_GLOBAL_ACCENT_COLOR_NAME = AccentColor;
				CODE_SIGN_STYLE = Automatic;
				DEVELOPMENT_TEAM = AWN3QD4X7Y;
				INFOPLIST_FILE = BarApp/Info.plist;
				LD_RUNPATH_SEARCH_PATHS = (
					"$(inherited)",
					"@executable_path/Frameworks",
				);
				PRODUCT_BUNDLE_IDENTIFIER = DenisVinokurov.BarApp;
				PRODUCT_NAME = "$(TARGET_NAME)";
				SWIFT_VERSION = 5.0;
				TARGETED_DEVICE_FAMILY = "1,2";
			};
			name = Release;
		};
/* End XCBuildConfiguration section */

/* Begin XCConfigurationList section */
		9230520D26387A9E007003BF /* Build configuration list for PBXProject "BarApp" */ = {
			isa = XCConfigurationList;
			buildConfigurations = (
				9230522426387A9F007003BF /* Debug */,
				9230522526387A9F007003BF /* Release */,
			);
			defaultConfigurationIsVisible = 0;
			defaultConfigurationName = Release;
		};
		9230522626387A9F007003BF /* Build configuration list for PBXNativeTarget "BarApp" */ = {
			isa = XCConfigurationList;
			buildConfigurations = (
				9230522726387A9F007003BF /* Debug */,
				9230522826387A9F007003BF /* Release */,
			);
			defaultConfigurationIsVisible = 0;
			defaultConfigurationName = Release;
		};
/* End XCConfigurationList section */
	};
	rootObject = 9230520A26387A9E007003BF /* Project object */;
}
